
Microsoft Visual Studio Solution File, Format Version 12.00
# Visual Studio Version 16
VisualStudioVersion = 16.0.810.8
MinimumVisualStudioVersion = 10.0.40219.1
Project("{FAE04EC0-301F-11D3-BF4B-00C04F79EFBC}") = "press-gang-console", "press-gang-console\press-gang-console.csproj", "{5194AA5F-FEC1-47B2-B759-477AB6E22667}"
EndProject
Global
	GlobalSection(SolutionConfigurationPlatforms) = preSolution
		Debug|Any CPU = Debug|Any CPU
		Release|Any CPU = Release|Any CPU
	EndGlobalSection
	GlobalSection(ProjectConfigurationPlatforms) = postSolution
		{5194AA5F-FEC1-47B2-B759-477AB6E22667}.Debug|Any CPU.ActiveCfg = Debug|Any CPU
		{5194AA5F-FEC1-47B2-B759-477AB6E22667}.Debug|Any CPU.Build.0 = Debug|Any CPU
		{5194AA5F-FEC1-47B2-B759-477AB6E22667}.Release|Any CPU.ActiveCfg = Release|Any CPU
		{5194AA5F-FEC1-47B2-B759-477AB6E22667}.Release|Any CPU.Build.0 = Release|Any CPU
	EndGlobalSection
	GlobalSection(SolutionProperties) = preSolution
		HideSolutionNode = FALSE
	EndGlobalSection
	GlobalSection(ExtensibilityGlobals) = postSolution
		SolutionGuid = {8E752757-2159-4049-AEBF-35A6B6BADC08}
	EndGlobalSection
EndGlobal
