
Microsoft Visual Studio Solution File, Format Version 12.00
# Visual Studio Version 16
VisualStudioVersion = 16.0.810.8
MinimumVisualStudioVersion = 10.0.40219.1
Project("{FAE04EC0-301F-11D3-BF4B-00C04F79EFBC}") = "PressGang.Core", "PressGang.Core\PressGang.Core.csproj", "{A6C3C7DE-0184-410F-BDC7-E2C44115A24D}"
EndProject
Project("{FAE04EC0-301F-11D3-BF4B-00C04F79EFBC}") = "PressGang.Bot", "PressGang.Bot\PressGang.Bot.csproj", "{ADD9EDE7-12CD-405A-AAD4-ED02969AC23B}"
EndProject
Global
	GlobalSection(SolutionConfigurationPlatforms) = preSolution
		Debug|Any CPU = Debug|Any CPU
		Release|Any CPU = Release|Any CPU
	EndGlobalSection
	GlobalSection(ProjectConfigurationPlatforms) = postSolution
		{A6C3C7DE-0184-410F-BDC7-E2C44115A24D}.Debug|Any CPU.ActiveCfg = Debug|Any CPU
		{A6C3C7DE-0184-410F-BDC7-E2C44115A24D}.Debug|Any CPU.Build.0 = Debug|Any CPU
		{A6C3C7DE-0184-410F-BDC7-E2C44115A24D}.Release|Any CPU.ActiveCfg = Release|Any CPU
		{A6C3C7DE-0184-410F-BDC7-E2C44115A24D}.Release|Any CPU.Build.0 = Release|Any CPU
		{ADD9EDE7-12CD-405A-AAD4-ED02969AC23B}.Debug|Any CPU.ActiveCfg = Debug|Any CPU
		{ADD9EDE7-12CD-405A-AAD4-ED02969AC23B}.Debug|Any CPU.Build.0 = Debug|Any CPU
		{ADD9EDE7-12CD-405A-AAD4-ED02969AC23B}.Release|Any CPU.ActiveCfg = Release|Any CPU
		{ADD9EDE7-12CD-405A-AAD4-ED02969AC23B}.Release|Any CPU.Build.0 = Release|Any CPU
	EndGlobalSection
	GlobalSection(SolutionProperties) = preSolution
		HideSolutionNode = FALSE
	EndGlobalSection
	GlobalSection(ExtensibilityGlobals) = postSolution
		SolutionGuid = {8E752757-2159-4049-AEBF-35A6B6BADC08}
	EndGlobalSection
EndGlobal
